schema: '2.0'
stages:
  build_dataset:
    cmd: python -m isogram.commands data dvc.enabled=false
      data.output_dir=data/processed/main
      data.hf_dataset=sinatras/isogram-ai-text-detection-splits
      data.hf_split=train data.hf_license=other data.hf_pre_split=true
      data.hf_train_split=train data.hf_val_split=validation
      data.hf_test_split=test data.hf_sample_rows=60000
      data.hf_shuffle_buffer=10000 data.val_fraction=0.1 data.test_fraction=0.1
      data.seed=42
    deps:
    - path: configs
      hash: md5
      md5: cf727965a36dcbe80eb76c5526022beb.dir
      size: 1985
      nfiles: 8
    - path: src/isogram/commands.py
      hash: md5
      md5: ceff9b7c33375c3368e89e79b1568eb8
      size: 4695
    - path: src/isogram/data/build_dataset.py
      hash: md5
      md5: 5e1c5cf91b0e74193b5a48f237575fc9
      size: 19291
    - path: src/isogram/data/download.py
      hash: md5
      md5: b7a11e2a80a973c33a4f7d58a96465df
      size: 4920
    - path: src/isogram/data/schema.py
      hash: md5
      md5: 940d47ab4fa83991baf70fb1da9a48b3
      size: 7523
    - path: src/isogram/data/splits.py
      hash: md5
      md5: e7d30512e7dee75e2cdb0288a6255e53
      size: 236
    params:
      params.yaml:
        data:
          seed: 42
          output_dir: data/processed/main
          local_paths: []
          local_source_name:
          local_license: none
          hf_dataset: sinatras/isogram-ai-text-detection-splits
          hf_split: train
          hf_license: other
          hf_pre_split: true
          hf_train_split: train
          hf_val_split: validation
          hf_test_split: test
          hf_sample_rows: 60000
          hf_shuffle_buffer: 10000
          val_fraction: 0.1
          test_fraction: 0.1
    outs:
    - path: data/processed/main/all.csv
      hash: md5
      md5: d24ee04a3682f7dd3d809d63d4bfc95f
      size: 148179720
    - path: data/processed/main/metadata.json
      hash: md5
      md5: 35fa5b81949552ba8b6e916aa0409695
      size: 1052
    - path: data/processed/main/test.csv
      hash: md5
      md5: 0ea6754eaa36463eacba3e46c18e20cb
      size: 14833722
    - path: data/processed/main/train.csv
      hash: md5
      md5: abe4793466cc305757fb05b759eeabab
      size: 118675019
    - path: data/processed/main/val.csv
      hash: md5
      md5: 20be8b660bd7586a4d49bac890bb4a00
      size: 14671115
